# This file is automatically @generated by Cargo.
# It is not intended for manual editing.
[[package]]
name = "either"
version = "1.5.2"
source = "registry+https://github.com/rust-lang/crates.io-index"

[[package]]
name = "indexmap"
version = "0.4.1"
source = "registry+https://github.com/rust-lang/crates.io-index"

[[package]]
name = "indexmap"
version = "1.1.0"
source = "registry+https://github.com/rust-lang/crates.io-index"

[[package]]
name = "itertools"
version = "0.8.0"
source = "registry+https://github.com/rust-lang/crates.io-index"
dependencies = [
 "either 1.5.2 (registry+https://github.com/rust-lang/crates.io-index)",
]

[[package]]
name = "priority-queue"
version = "0.6.0"
source = "registry+https://github.com/rust-lang/crates.io-index"
dependencies = [
 "indexmap 0.4.1 (registry+https://github.com/rust-lang/crates.io-index)",
]

[[package]]
name = "simultaneous-productions"
version = "0.1.0"
dependencies = [
 "indexmap 1.1.0 (registry+https://github.com/rust-lang/crates.io-index)",
 "itertools 0.8.0 (registry+https://github.com/rust-lang/crates.io-index)",
 "priority-queue 0.6.0 (registry+https://github.com/rust-lang/crates.io-index)",
]

[metadata]
"checksum either 1.5.2 (registry+https://github.com/rust-lang/crates.io-index)" = "5527cfe0d098f36e3f8839852688e63c8fff1c90b2b405aef730615f9a7bcf7b"
"checksum indexmap 0.4.1 (registry+https://github.com/rust-lang/crates.io-index)" = "7164c96d6e18ccc3ce43f3dedac996c21a220670a106c275b96ad92110401362"
"checksum indexmap 1.1.0 (registry+https://github.com/rust-lang/crates.io-index)" = "a4d6d89e0948bf10c08b9ecc8ac5b83f07f857ebe2c0cbe38de15b4e4f510356"
"checksum itertools 0.8.0 (registry+https://github.com/rust-lang/crates.io-index)" = "5b8467d9c1cebe26feb08c640139247fac215782d35371ade9a2136ed6085358"
"checksum priority-queue 0.6.0 (registry+https://github.com/rust-lang/crates.io-index)" = "602c2e38842965277b124586dbc4691d83f37af5b4ecd7c9e46908e1bd7d5b35"
